
Microsoft Visual Studio Solution File, Format Version 11.00
# Visual Studio 2010
Project("{FAE04EC0-301F-11D3-BF4B-00C04F79EFBC}") = "Junaio.Core", "Junaio.Core\Junaio.Core.csproj", "{10B9D5E8-9750-460F-8863-FB5EA704A0A4}"
EndProject
Project("{FAE04EC0-301F-11D3-BF4B-00C04F79EFBC}") = "Junaio.Data", "Junaio.Data\Junaio.Data.csproj", "{F8ED2949-304A-4AC8-82B6-C8D9147598B7}"
EndProject
Project("{FAE04EC0-301F-11D3-BF4B-00C04F79EFBC}") = "Junaio.Tests", "Junaio.Tests\Junaio.Tests.csproj", "{3A190E3D-3684-4D18-A6BE-9F9ED281E5FF}"
EndProject
Project("{FAE04EC0-301F-11D3-BF4B-00C04F79EFBC}") = "Junaio.Web", "Junaio.Web\Junaio.Web.csproj", "{211A5E77-835B-431D-A7F7-1734CFEE2456}"
EndProject
Project("{2150E333-8FDC-42A3-9474-1A3956D46DE8}") = "Documentation", "Documentation", "{158D7A48-BC92-4110-81BB-59EAEBBF8BA2}"
	ProjectSection(SolutionItems) = preProject
		..\Help\Documentation.chm = ..\Help\Documentation.chm
	EndProjectSection
EndProject
Global
	GlobalSection(SolutionConfigurationPlatforms) = preSolution
		Debug|Any CPU = Debug|Any CPU
		Release|Any CPU = Release|Any CPU
	EndGlobalSection
	GlobalSection(ProjectConfigurationPlatforms) = postSolution
		{10B9D5E8-9750-460F-8863-FB5EA704A0A4}.Debug|Any CPU.ActiveCfg = Debug|Any CPU
		{10B9D5E8-9750-460F-8863-FB5EA704A0A4}.Debug|Any CPU.Build.0 = Debug|Any CPU
		{10B9D5E8-9750-460F-8863-FB5EA704A0A4}.Release|Any CPU.ActiveCfg = Release|Any CPU
		{10B9D5E8-9750-460F-8863-FB5EA704A0A4}.Release|Any CPU.Build.0 = Release|Any CPU
		{F8ED2949-304A-4AC8-82B6-C8D9147598B7}.Debug|Any CPU.ActiveCfg = Debug|Any CPU
		{F8ED2949-304A-4AC8-82B6-C8D9147598B7}.Debug|Any CPU.Build.0 = Debug|Any CPU
		{F8ED2949-304A-4AC8-82B6-C8D9147598B7}.Release|Any CPU.ActiveCfg = Release|Any CPU
		{F8ED2949-304A-4AC8-82B6-C8D9147598B7}.Release|Any CPU.Build.0 = Release|Any CPU
		{3A190E3D-3684-4D18-A6BE-9F9ED281E5FF}.Debug|Any CPU.ActiveCfg = Debug|Any CPU
		{3A190E3D-3684-4D18-A6BE-9F9ED281E5FF}.Debug|Any CPU.Build.0 = Debug|Any CPU
		{3A190E3D-3684-4D18-A6BE-9F9ED281E5FF}.Release|Any CPU.ActiveCfg = Release|Any CPU
		{3A190E3D-3684-4D18-A6BE-9F9ED281E5FF}.Release|Any CPU.Build.0 = Release|Any CPU
		{211A5E77-835B-431D-A7F7-1734CFEE2456}.Debug|Any CPU.ActiveCfg = Debug|Any CPU
		{211A5E77-835B-431D-A7F7-1734CFEE2456}.Debug|Any CPU.Build.0 = Debug|Any CPU
		{211A5E77-835B-431D-A7F7-1734CFEE2456}.Release|Any CPU.ActiveCfg = Release|Any CPU
		{211A5E77-835B-431D-A7F7-1734CFEE2456}.Release|Any CPU.Build.0 = Release|Any CPU
	EndGlobalSection
	GlobalSection(SolutionProperties) = preSolution
		HideSolutionNode = FALSE
	EndGlobalSection
EndGlobal
